
Microsoft Visual Studio Solution File, Format Version 12.00
# Visual Studio 14
VisualStudioVersion = 14.0.25420.1
MinimumVisualStudioVersion = 10.0.40219.1
Project("{FAE04EC0-301F-11D3-BF4B-00C04F79EFBC}") = "HelloXmarinForm.Droid", "HelloXmarinForm\HelloXmarinForm.Droid\HelloXmarinForm.Droid.csproj", "{F12CE580-0DDC-4B97-ADFD-8A8BCE0EA0F2}"
EndProject
Project("{FAE04EC0-301F-11D3-BF4B-00C04F79EFBC}") = "HelloXmarinForm.iOS", "HelloXmarinForm\HelloXmarinForm.iOS\HelloXmarinForm.iOS.csproj", "{BF8FAA57-523A-4E36-8D8E-5DB1D7F13C9F}"
EndProject
Project("{FAE04EC0-301F-11D3-BF4B-00C04F79EFBC}") = "HelloXmarinForm.WinPhone", "HelloXmarinForm\HelloXmarinForm.WinPhone\HelloXmarinForm.WinPhone.csproj", "{E1DD5946-86BC-4F0C-B4EE-3EFFB91785E2}"
EndProject
Project("{FAE04EC0-301F-11D3-BF4B-00C04F79EFBC}") = "HelloXmarinForm.Windows", "HelloXmarinForm\HelloXmarinForm.Windows\HelloXmarinForm.Windows.csproj", "{C380C9A2-6F18-4D43-8DEA-68FA404608D0}"
EndProject
Project("{FAE04EC0-301F-11D3-BF4B-00C04F79EFBC}") = "HelloXmarinForm", "HelloXmarinForm\HelloXmarinForm\HelloXmarinForm.csproj", "{BE114940-638F-450E-B2E4-62BFD68557CD}"
EndProject
Global
	GlobalSection(SolutionConfigurationPlatforms) = preSolution
		Ad-Hoc|Any CPU = Ad-Hoc|Any CPU
		Ad-Hoc|ARM = Ad-Hoc|ARM
		Ad-Hoc|iPhone = Ad-Hoc|iPhone
		Ad-Hoc|iPhoneSimulator = Ad-Hoc|iPhoneSimulator
		Ad-Hoc|x64 = Ad-Hoc|x64
		Ad-Hoc|x86 = Ad-Hoc|x86
		AppStore|Any CPU = AppStore|Any CPU
		AppStore|ARM = AppStore|ARM
		AppStore|iPhone = AppStore|iPhone
		AppStore|iPhoneSimulator = AppStore|iPhoneSimulator
		AppStore|x64 = AppStore|x64
		AppStore|x86 = AppStore|x86
		Debug|Any CPU = Debug|Any CPU
		Debug|ARM = Debug|ARM
		Debug|iPhone = Debug|iPhone
		Debug|iPhoneSimulator = Debug|iPhoneSimulator
		Debug|x64 = Debug|x64
		Debug|x86 = Debug|x86
		Release|Any CPU = Release|Any CPU
		Release|ARM = Release|ARM
		Release|iPhone = Release|iPhone
		Release|iPhoneSimulator = Release|iPhoneSimulator
		Release|x64 = Release|x64
		Release|x86 = Release|x86
	EndGlobalSection
	GlobalSection(ProjectConfigurationPlatforms) = postSolution
		{F12CE580-0DDC-4B97-ADFD-8A8BCE0EA0F2}.Ad-Hoc|Any CPU.ActiveCfg = Release|Any CPU
		{F12CE580-0DDC-4B97-ADFD-8A8BCE0EA0F2}.Ad-Hoc|Any CPU.Build.0 = Release|Any CPU
		{F12CE580-0DDC-4B97-ADFD-8A8BCE0EA0F2}.Ad-Hoc|Any CPU.Deploy.0 = Release|Any CPU
		{F12CE580-0DDC-4B97-ADFD-8A8BCE0EA0F2}.Ad-Hoc|ARM.ActiveCfg = Release|Any CPU
		{F12CE580-0DDC-4B97-ADFD-8A8BCE0EA0F2}.Ad-Hoc|ARM.Build.0 = Release|Any CPU
		{F12CE580-0DDC-4B97-ADFD-8A8BCE0EA0F2}.Ad-Hoc|ARM.Deploy.0 = Release|Any CPU
		{F12CE580-0DDC-4B97-ADFD-8A8BCE0EA0F2}.Ad-Hoc|iPhone.ActiveCfg = Release|Any CPU
		{F12CE580-0DDC-4B97-ADFD-8A8BCE0EA0F2}.Ad-Hoc|iPhone.Build.0 = Release|Any CPU
		{F12CE580-0DDC-4B97-ADFD-8A8BCE0EA0F2}.Ad-Hoc|iPhone.Deploy.0 = Release|Any CPU
		{F12CE580-0DDC-4B97-ADFD-8A8BCE0EA0F2}.Ad-Hoc|iPhoneSimulator.ActiveCfg = Release|Any CPU
		{F12CE580-0DDC-4B97-ADFD-8A8BCE0EA0F2}.Ad-Hoc|iPhoneSimulator.Build.0 = Release|Any CPU
		{F12CE580-0DDC-4B97-ADFD-8A8BCE0EA0F2}.Ad-Hoc|iPhoneSimulator.Deploy.0 = Release|Any CPU
		{F12CE580-0DDC-4B97-ADFD-8A8BCE0EA0F2}.Ad-Hoc|x64.ActiveCfg = Release|Any CPU
		{F12CE580-0DDC-4B97-ADFD-8A8BCE0EA0F2}.Ad-Hoc|x64.Build.0 = Release|Any CPU
		{F12CE580-0DDC-4B97-ADFD-8A8BCE0EA0F2}.Ad-Hoc|x64.Deploy.0 = Release|Any CPU
		{F12CE580-0DDC-4B97-ADFD-8A8BCE0EA0F2}.Ad-Hoc|x86.ActiveCfg = Release|Any CPU
		{F12CE580-0DDC-4B97-ADFD-8A8BCE0EA0F2}.Ad-Hoc|x86.Build.0 = Release|Any CPU
		{F12CE580-0DDC-4B97-ADFD-8A8BCE0EA0F2}.Ad-Hoc|x86.Deploy.0 = Release|Any CPU
		{F12CE580-0DDC-4B97-ADFD-8A8BCE0EA0F2}.AppStore|Any CPU.ActiveCfg = Release|Any CPU
		{F12CE580-0DDC-4B97-ADFD-8A8BCE0EA0F2}.AppStore|Any CPU.Build.0 = Release|Any CPU
		{F12CE580-0DDC-4B97-ADFD-8A8BCE0EA0F2}.AppStore|Any CPU.Deploy.0 = Release|Any CPU
		{F12CE580-0DDC-4B97-ADFD-8A8BCE0EA0F2}.AppStore|ARM.ActiveCfg = Release|Any CPU
		{F12CE580-0DDC-4B97-ADFD-8A8BCE0EA0F2}.AppStore|ARM.Build.0 = Release|Any CPU
		{F12CE580-0DDC-4B97-ADFD-8A8BCE0EA0F2}.AppStore|ARM.Deploy.0 = Release|Any CPU
		{F12CE580-0DDC-4B97-ADFD-8A8BCE0EA0F2}.AppStore|iPhone.ActiveCfg = Release|Any CPU
		{F12CE580-0DDC-4B97-ADFD-8A8BCE0EA0F2}.AppStore|iPhone.Build.0 = Release|Any CPU
		{F12CE580-0DDC-4B97-ADFD-8A8BCE0EA0F2}.AppStore|iPhone.Deploy.0 = Release|Any CPU
		{F12CE580-0DDC-4B97-ADFD-8A8BCE0EA0F2}.AppStore|iPhoneSimulator.ActiveCfg = Release|Any CPU
		{F12CE580-0DDC-4B97-ADFD-8A8BCE0EA0F2}.AppStore|iPhoneSimulator.Build.0 = Release|Any CPU
		{F12CE580-0DDC-4B97-ADFD-8A8BCE0EA0F2}.AppStore|iPhoneSimulator.Deploy.0 = Release|Any CPU
		{F12CE580-0DDC-4B97-ADFD-8A8BCE0EA0F2}.AppStore|x64.ActiveCfg = Release|Any CPU
		{F12CE580-0DDC-4B97-ADFD-8A8BCE0EA0F2}.AppStore|x64.Build.0 = Release|Any CPU
		{F12CE580-0DDC-4B97-ADFD-8A8BCE0EA0F2}.AppStore|x64.Deploy.0 = Release|Any CPU
		{F12CE580-0DDC-4B97-ADFD-8A8BCE0EA0F2}.AppStore|x86.ActiveCfg = Release|Any CPU
		{F12CE580-0DDC-4B97-ADFD-8A8BCE0EA0F2}.AppStore|x86.Build.0 = Release|Any CPU
		{F12CE580-0DDC-4B97-ADFD-8A8BCE0EA0F2}.AppStore|x86.Deploy.0 = Release|Any CPU
		{F12CE580-0DDC-4B97-ADFD-8A8BCE0EA0F2}.Debug|Any CPU.ActiveCfg = Debug|Any CPU
		{F12CE580-0DDC-4B97-ADFD-8A8BCE0EA0F2}.Debug|Any CPU.Build.0 = Debug|Any CPU
		{F12CE580-0DDC-4B97-ADFD-8A8BCE0EA0F2}.Debug|Any CPU.Deploy.0 = Debug|Any CPU
		{F12CE580-0DDC-4B97-ADFD-8A8BCE0EA0F2}.Debug|ARM.ActiveCfg = Debug|Any CPU
		{F12CE580-0DDC-4B97-ADFD-8A8BCE0EA0F2}.Debug|ARM.Build.0 = Debug|Any CPU
		{F12CE580-0DDC-4B97-ADFD-8A8BCE0EA0F2}.Debug|ARM.Deploy.0 = Debug|Any CPU
		{F12CE580-0DDC-4B97-ADFD-8A8BCE0EA0F2}.Debug|iPhone.ActiveCfg = Debug|Any CPU
		{F12CE580-0DDC-4B97-ADFD-8A8BCE0EA0F2}.Debug|iPhone.Build.0 = Debug|Any CPU
		{F12CE580-0DDC-4B97-ADFD-8A8BCE0EA0F2}.Debug|iPhone.Deploy.0 = Debug|Any CPU
		{F12CE580-0DDC-4B97-ADFD-8A8BCE0EA0F2}.Debug|iPhoneSimulator.ActiveCfg = Debug|Any CPU
		{F12CE580-0DDC-4B97-ADFD-8A8BCE0EA0F2}.Debug|iPhoneSimulator.Build.0 = Debug|Any CPU
		{F12CE580-0DDC-4B97-ADFD-8A8BCE0EA0F2}.Debug|iPhoneSimulator.Deploy.0 = Debug|Any CPU
		{F12CE580-0DDC-4B97-ADFD-8A8BCE0EA0F2}.Debug|x64.ActiveCfg = Debug|Any CPU
		{F12CE580-0DDC-4B97-ADFD-8A8BCE0EA0F2}.Debug|x64.Build.0 = Debug|Any CPU
		{F12CE580-0DDC-4B97-ADFD-8A8BCE0EA0F2}.Debug|x64.Deploy.0 = Debug|Any CPU
		{F12CE580-0DDC-4B97-ADFD-8A8BCE0EA0F2}.Debug|x86.ActiveCfg = Debug|Any CPU
		{F12CE580-0DDC-4B97-ADFD-8A8BCE0EA0F2}.Debug|x86.Build.0 = Debug|Any CPU
		{F12CE580-0DDC-4B97-ADFD-8A8BCE0EA0F2}.Debug|x86.Deploy.0 = Debug|Any CPU
		{F12CE580-0DDC-4B97-ADFD-8A8BCE0EA0F2}.Release|Any CPU.ActiveCfg = Release|Any CPU
		{F12CE580-0DDC-4B97-ADFD-8A8BCE0EA0F2}.Release|Any CPU.Build.0 = Release|Any CPU
		{F12CE580-0DDC-4B97-ADFD-8A8BCE0EA0F2}.Release|Any CPU.Deploy.0 = Release|Any CPU
		{F12CE580-0DDC-4B97-ADFD-8A8BCE0EA0F2}.Release|ARM.ActiveCfg = Release|Any CPU
		{F12CE580-0DDC-4B97-ADFD-8A8BCE0EA0F2}.Release|ARM.Build.0 = Release|Any CPU
		{F12CE580-0DDC-4B97-ADFD-8A8BCE0EA0F2}.Release|ARM.Deploy.0 = Release|Any CPU
		{F12CE580-0DDC-4B97-ADFD-8A8BCE0EA0F2}.Release|iPhone.ActiveCfg = Release|Any CPU
		{F12CE580-0DDC-4B97-ADFD-8A8BCE0EA0F2}.Release|iPhone.Build.0 = Release|Any CPU
		{F12CE580-0DDC-4B97-ADFD-8A8BCE0EA0F2}.Release|iPhone.Deploy.0 = Release|Any CPU
		{F12CE580-0DDC-4B97-ADFD-8A8BCE0EA0F2}.Release|iPhoneSimulator.ActiveCfg = Release|Any CPU
		{F12CE580-0DDC-4B97-ADFD-8A8BCE0EA0F2}.Release|iPhoneSimulator.Build.0 = Release|Any CPU
		{F12CE580-0DDC-4B97-ADFD-8A8BCE0EA0F2}.Release|iPhoneSimulator.Deploy.0 = Release|Any CPU
		{F12CE580-0DDC-4B97-ADFD-8A8BCE0EA0F2}.Release|x64.ActiveCfg = Release|Any CPU
		{F12CE580-0DDC-4B97-ADFD-8A8BCE0EA0F2}.Release|x64.Build.0 = Release|Any CPU
		{F12CE580-0DDC-4B97-ADFD-8A8BCE0EA0F2}.Release|x64.Deploy.0 = Release|Any CPU
		{F12CE580-0DDC-4B97-ADFD-8A8BCE0EA0F2}.Release|x86.ActiveCfg = Release|Any CPU
		{F12CE580-0DDC-4B97-ADFD-8A8BCE0EA0F2}.Release|x86.Build.0 = Release|Any CPU
		{F12CE580-0DDC-4B97-ADFD-8A8BCE0EA0F2}.Release|x86.Deploy.0 = Release|Any CPU
		{BF8FAA57-523A-4E36-8D8E-5DB1D7F13C9F}.Ad-Hoc|Any CPU.ActiveCfg = Ad-Hoc|iPhone
		{BF8FAA57-523A-4E36-8D8E-5DB1D7F13C9F}.Ad-Hoc|ARM.ActiveCfg = Ad-Hoc|iPhone
		{BF8FAA57-523A-4E36-8D8E-5DB1D7F13C9F}.Ad-Hoc|iPhone.ActiveCfg = Ad-Hoc|iPhone
		{BF8FAA57-523A-4E36-8D8E-5DB1D7F13C9F}.Ad-Hoc|iPhone.Build.0 = Ad-Hoc|iPhone
		{BF8FAA57-523A-4E36-8D8E-5DB1D7F13C9F}.Ad-Hoc|iPhoneSimulator.ActiveCfg = Ad-Hoc|iPhoneSimulator
		{BF8FAA57-523A-4E36-8D8E-5DB1D7F13C9F}.Ad-Hoc|iPhoneSimulator.Build.0 = Ad-Hoc|iPhoneSimulator
		{BF8FAA57-523A-4E36-8D8E-5DB1D7F13C9F}.Ad-Hoc|x64.ActiveCfg = Ad-Hoc|iPhone
		{BF8FAA57-523A-4E36-8D8E-5DB1D7F13C9F}.Ad-Hoc|x86.ActiveCfg = Ad-Hoc|iPhone
		{BF8FAA57-523A-4E36-8D8E-5DB1D7F13C9F}.AppStore|Any CPU.ActiveCfg = AppStore|iPhone
		{BF8FAA57-523A-4E36-8D8E-5DB1D7F13C9F}.AppStore|ARM.ActiveCfg = AppStore|iPhone
		{BF8FAA57-523A-4E36-8D8E-5DB1D7F13C9F}.AppStore|iPhone.ActiveCfg = AppStore|iPhone
		{BF8FAA57-523A-4E36-8D8E-5DB1D7F13C9F}.AppStore|iPhone.Build.0 = AppStore|iPhone
		{BF8FAA57-523A-4E36-8D8E-5DB1D7F13C9F}.AppStore|iPhoneSimulator.ActiveCfg = AppStore|iPhoneSimulator
		{BF8FAA57-523A-4E36-8D8E-5DB1D7F13C9F}.AppStore|iPhoneSimulator.Build.0 = AppStore|iPhoneSimulator
		{BF8FAA57-523A-4E36-8D8E-5DB1D7F13C9F}.AppStore|x64.ActiveCfg = AppStore|iPhone
		{BF8FAA57-523A-4E36-8D8E-5DB1D7F13C9F}.AppStore|x86.ActiveCfg = AppStore|iPhone
		{BF8FAA57-523A-4E36-8D8E-5DB1D7F13C9F}.Debug|Any CPU.ActiveCfg = Debug|iPhone
		{BF8FAA57-523A-4E36-8D8E-5DB1D7F13C9F}.Debug|Any CPU.Build.0 = Debug|iPhone
		{BF8FAA57-523A-4E36-8D8E-5DB1D7F13C9F}.Debug|ARM.ActiveCfg = Debug|iPhone
		{BF8FAA57-523A-4E36-8D8E-5DB1D7F13C9F}.Debug|iPhone.ActiveCfg = Debug|iPhone
		{BF8FAA57-523A-4E36-8D8E-5DB1D7F13C9F}.Debug|iPhone.Build.0 = Debug|iPhone
		{BF8FAA57-523A-4E36-8D8E-5DB1D7F13C9F}.Debug|iPhoneSimulator.ActiveCfg = Debug|iPhoneSimulator
		{BF8FAA57-523A-4E36-8D8E-5DB1D7F13C9F}.Debug|iPhoneSimulator.Build.0 = Debug|iPhoneSimulator
		{BF8FAA57-523A-4E36-8D8E-5DB1D7F13C9F}.Debug|x64.ActiveCfg = Debug|iPhone
		{BF8FAA57-523A-4E36-8D8E-5DB1D7F13C9F}.Debug|x86.ActiveCfg = Debug|iPhone
		{BF8FAA57-523A-4E36-8D8E-5DB1D7F13C9F}.Release|Any CPU.ActiveCfg = Release|iPhone
		{BF8FAA57-523A-4E36-8D8E-5DB1D7F13C9F}.Release|ARM.ActiveCfg = Release|iPhone
		{BF8FAA57-523A-4E36-8D8E-5DB1D7F13C9F}.Release|iPhone.ActiveCfg = Release|iPhone
		{BF8FAA57-523A-4E36-8D8E-5DB1D7F13C9F}.Release|iPhone.Build.0 = Release|iPhone
		{BF8FAA57-523A-4E36-8D8E-5DB1D7F13C9F}.Release|iPhoneSimulator.ActiveCfg = Release|iPhoneSimulator
		{BF8FAA57-523A-4E36-8D8E-5DB1D7F13C9F}.Release|iPhoneSimulator.Build.0 = Release|iPhoneSimulator
		{BF8FAA57-523A-4E36-8D8E-5DB1D7F13C9F}.Release|x64.ActiveCfg = Release|iPhone
		{BF8FAA57-523A-4E36-8D8E-5DB1D7F13C9F}.Release|x86.ActiveCfg = Release|iPhone
		{E1DD5946-86BC-4F0C-B4EE-3EFFB91785E2}.Ad-Hoc|Any CPU.ActiveCfg = Release|Any CPU
		{E1DD5946-86BC-4F0C-B4EE-3EFFB91785E2}.Ad-Hoc|Any CPU.Build.0 = Release|Any CPU
		{E1DD5946-86BC-4F0C-B4EE-3EFFB91785E2}.Ad-Hoc|Any CPU.Deploy.0 = Release|Any CPU
		{E1DD5946-86BC-4F0C-B4EE-3EFFB91785E2}.Ad-Hoc|ARM.ActiveCfg = Release|ARM
		{E1DD5946-86BC-4F0C-B4EE-3EFFB91785E2}.Ad-Hoc|ARM.Build.0 = Release|ARM
		{E1DD5946-86BC-4F0C-B4EE-3EFFB91785E2}.Ad-Hoc|ARM.Deploy.0 = Release|ARM
		{E1DD5946-86BC-4F0C-B4EE-3EFFB91785E2}.Ad-Hoc|iPhone.ActiveCfg = Release|Any CPU
		{E1DD5946-86BC-4F0C-B4EE-3EFFB91785E2}.Ad-Hoc|iPhone.Build.0 = Release|Any CPU
		{E1DD5946-86BC-4F0C-B4EE-3EFFB91785E2}.Ad-Hoc|iPhone.Deploy.0 = Release|Any CPU
		{E1DD5946-86BC-4F0C-B4EE-3EFFB91785E2}.Ad-Hoc|iPhoneSimulator.ActiveCfg = Release|Any CPU
		{E1DD5946-86BC-4F0C-B4EE-3EFFB91785E2}.Ad-Hoc|iPhoneSimulator.Build.0 = Release|Any CPU
		{E1DD5946-86BC-4F0C-B4EE-3EFFB91785E2}.Ad-Hoc|iPhoneSimulator.Deploy.0 = Release|Any CPU
		{E1DD5946-86BC-4F0C-B4EE-3EFFB91785E2}.Ad-Hoc|x64.ActiveCfg = Release|Any CPU
		{E1DD5946-86BC-4F0C-B4EE-3EFFB91785E2}.Ad-Hoc|x64.Build.0 = Release|Any CPU
		{E1DD5946-86BC-4F0C-B4EE-3EFFB91785E2}.Ad-Hoc|x64.Deploy.0 = Release|Any CPU
		{E1DD5946-86BC-4F0C-B4EE-3EFFB91785E2}.Ad-Hoc|x86.ActiveCfg = Release|x86
		{E1DD5946-86BC-4F0C-B4EE-3EFFB91785E2}.Ad-Hoc|x86.Build.0 = Release|x86
		{E1DD5946-86BC-4F0C-B4EE-3EFFB91785E2}.Ad-Hoc|x86.Deploy.0 = Release|x86
		{E1DD5946-86BC-4F0C-B4EE-3EFFB91785E2}.AppStore|Any CPU.ActiveCfg = Release|Any CPU
		{E1DD5946-86BC-4F0C-B4EE-3EFFB91785E2}.AppStore|Any CPU.Build.0 = Release|Any CPU
		{E1DD5946-86BC-4F0C-B4EE-3EFFB91785E2}.AppStore|Any CPU.Deploy.0 = Release|Any CPU
		{E1DD5946-86BC-4F0C-B4EE-3EFFB91785E2}.AppStore|ARM.ActiveCfg = Release|ARM
		{E1DD5946-86BC-4F0C-B4EE-3EFFB91785E2}.AppStore|ARM.Build.0 = Release|ARM
		{E1DD5946-86BC-4F0C-B4EE-3EFFB91785E2}.AppStore|ARM.Deploy.0 = Release|ARM
		{E1DD5946-86BC-4F0C-B4EE-3EFFB91785E2}.AppStore|iPhone.ActiveCfg = Release|Any CPU
		{E1DD5946-86BC-4F0C-B4EE-3EFFB91785E2}.AppStore|iPhone.Build.0 = Release|Any CPU
		{E1DD5946-86BC-4F0C-B4EE-3EFFB91785E2}.AppStore|iPhone.Deploy.0 = Release|Any CPU
		{E1DD5946-86BC-4F0C-B4EE-3EFFB91785E2}.AppStore|iPhoneSimulator.ActiveCfg = Release|Any CPU
		{E1DD5946-86BC-4F0C-B4EE-3EFFB91785E2}.AppStore|iPhoneSimulator.Build.0 = Release|Any CPU
		{E1DD5946-86BC-4F0C-B4EE-3EFFB91785E2}.AppStore|iPhoneSimulator.Deploy.0 = Release|Any CPU
		{E1DD5946-86BC-4F0C-B4EE-3EFFB91785E2}.AppStore|x64.ActiveCfg = Release|Any CPU
		{E1DD5946-86BC-4F0C-B4EE-3EFFB91785E2}.AppStore|x64.Build.0 = Release|Any CPU
		{E1DD5946-86BC-4F0C-B4EE-3EFFB91785E2}.AppStore|x64.Deploy.0 = Release|Any CPU
		{E1DD5946-86BC-4F0C-B4EE-3EFFB91785E2}.AppStore|x86.ActiveCfg = Release|x86
		{E1DD5946-86BC-4F0C-B4EE-3EFFB91785E2}.AppStore|x86.Build.0 = Release|x86
		{E1DD5946-86BC-4F0C-B4EE-3EFFB91785E2}.AppStore|x86.Deploy.0 = Release|x86
		{E1DD5946-86BC-4F0C-B4EE-3EFFB91785E2}.Debug|Any CPU.ActiveCfg = Debug|Any CPU
		{E1DD5946-86BC-4F0C-B4EE-3EFFB91785E2}.Debug|Any CPU.Build.0 = Debug|Any CPU
		{E1DD5946-86BC-4F0C-B4EE-3EFFB91785E2}.Debug|Any CPU.Deploy.0 = Debug|Any CPU
		{E1DD5946-86BC-4F0C-B4EE-3EFFB91785E2}.Debug|ARM.ActiveCfg = Debug|ARM
		{E1DD5946-86BC-4F0C-B4EE-3EFFB91785E2}.Debug|ARM.Build.0 = Debug|ARM
		{E1DD5946-86BC-4F0C-B4EE-3EFFB91785E2}.Debug|ARM.Deploy.0 = Debug|ARM
		{E1DD5946-86BC-4F0C-B4EE-3EFFB91785E2}.Debug|iPhone.ActiveCfg = Debug|Any CPU
		{E1DD5946-86BC-4F0C-B4EE-3EFFB91785E2}.Debug|iPhone.Build.0 = Debug|Any CPU
		{E1DD5946-86BC-4F0C-B4EE-3EFFB91785E2}.Debug|iPhone.Deploy.0 = Debug|Any CPU
		{E1DD5946-86BC-4F0C-B4EE-3EFFB91785E2}.Debug|iPhoneSimulator.ActiveCfg = Debug|Any CPU
		{E1DD5946-86BC-4F0C-B4EE-3EFFB91785E2}.Debug|iPhoneSimulator.Build.0 = Debug|Any CPU
		{E1DD5946-86BC-4F0C-B4EE-3EFFB91785E2}.Debug|iPhoneSimulator.Deploy.0 = Debug|Any CPU
		{E1DD5946-86BC-4F0C-B4EE-3EFFB91785E2}.Debug|x64.ActiveCfg = Debug|Any CPU
		{E1DD5946-86BC-4F0C-B4EE-3EFFB91785E2}.Debug|x64.Build.0 = Debug|Any CPU
		{E1DD5946-86BC-4F0C-B4EE-3EFFB91785E2}.Debug|x64.Deploy.0 = Debug|Any CPU
		{E1DD5946-86BC-4F0C-B4EE-3EFFB91785E2}.Debug|x86.ActiveCfg = Debug|x86
		{E1DD5946-86BC-4F0C-B4EE-3EFFB91785E2}.Debug|x86.Build.0 = Debug|x86
		{E1DD5946-86BC-4F0C-B4EE-3EFFB91785E2}.Debug|x86.Deploy.0 = Debug|x86
		{E1DD5946-86BC-4F0C-B4EE-3EFFB91785E2}.Release|Any CPU.ActiveCfg = Release|Any CPU
		{E1DD5946-86BC-4F0C-B4EE-3EFFB91785E2}.Release|Any CPU.Build.0 = Release|Any CPU
		{E1DD5946-86BC-4F0C-B4EE-3EFFB91785E2}.Release|Any CPU.Deploy.0 = Release|Any CPU
		{E1DD5946-86BC-4F0C-B4EE-3EFFB91785E2}.Release|ARM.ActiveCfg = Release|ARM
		{E1DD5946-86BC-4F0C-B4EE-3EFFB91785E2}.Release|ARM.Build.0 = Release|ARM
		{E1DD5946-86BC-4F0C-B4EE-3EFFB91785E2}.Release|ARM.Deploy.0 = Release|ARM
		{E1DD5946-86BC-4F0C-B4EE-3EFFB91785E2}.Release|iPhone.ActiveCfg = Release|Any CPU
		{E1DD5946-86BC-4F0C-B4EE-3EFFB91785E2}.Release|iPhone.Build.0 = Release|Any CPU
		{E1DD5946-86BC-4F0C-B4EE-3EFFB91785E2}.Release|iPhone.Deploy.0 = Release|Any CPU
		{E1DD5946-86BC-4F0C-B4EE-3EFFB91785E2}.Release|iPhoneSimulator.ActiveCfg = Release|Any CPU
		{E1DD5946-86BC-4F0C-B4EE-3EFFB91785E2}.Release|iPhoneSimulator.Build.0 = Release|Any CPU
		{E1DD5946-86BC-4F0C-B4EE-3EFFB91785E2}.Release|iPhoneSimulator.Deploy.0 = Release|Any CPU
		{E1DD5946-86BC-4F0C-B4EE-3EFFB91785E2}.Release|x64.ActiveCfg = Release|Any CPU
		{E1DD5946-86BC-4F0C-B4EE-3EFFB91785E2}.Release|x64.Build.0 = Release|Any CPU
		{E1DD5946-86BC-4F0C-B4EE-3EFFB91785E2}.Release|x64.Deploy.0 = Release|Any CPU
		{E1DD5946-86BC-4F0C-B4EE-3EFFB91785E2}.Release|x86.ActiveCfg = Release|x86
		{E1DD5946-86BC-4F0C-B4EE-3EFFB91785E2}.Release|x86.Build.0 = Release|x86
		{E1DD5946-86BC-4F0C-B4EE-3EFFB91785E2}.Release|x86.Deploy.0 = Release|x86
		{C380C9A2-6F18-4D43-8DEA-68FA404608D0}.Ad-Hoc|Any CPU.ActiveCfg = Release|Any CPU
		{C380C9A2-6F18-4D43-8DEA-68FA404608D0}.Ad-Hoc|Any CPU.Build.0 = Release|Any CPU
		{C380C9A2-6F18-4D43-8DEA-68FA404608D0}.Ad-Hoc|Any CPU.Deploy.0 = Release|Any CPU
		{C380C9A2-6F18-4D43-8DEA-68FA404608D0}.Ad-Hoc|ARM.ActiveCfg = Release|ARM
		{C380C9A2-6F18-4D43-8DEA-68FA404608D0}.Ad-Hoc|ARM.Build.0 = Release|ARM
		{C380C9A2-6F18-4D43-8DEA-68FA404608D0}.Ad-Hoc|ARM.Deploy.0 = Release|ARM
		{C380C9A2-6F18-4D43-8DEA-68FA404608D0}.Ad-Hoc|iPhone.ActiveCfg = Release|Any CPU
		{C380C9A2-6F18-4D43-8DEA-68FA404608D0}.Ad-Hoc|iPhone.Build.0 = Release|Any CPU
		{C380C9A2-6F18-4D43-8DEA-68FA404608D0}.Ad-Hoc|iPhone.Deploy.0 = Release|Any CPU
		{C380C9A2-6F18-4D43-8DEA-68FA404608D0}.Ad-Hoc|iPhoneSimulator.ActiveCfg = Release|Any CPU
		{C380C9A2-6F18-4D43-8DEA-68FA404608D0}.Ad-Hoc|iPhoneSimulator.Build.0 = Release|Any CPU
		{C380C9A2-6F18-4D43-8DEA-68FA404608D0}.Ad-Hoc|iPhoneSimulator.Deploy.0 = Release|Any CPU
		{C380C9A2-6F18-4D43-8DEA-68FA404608D0}.Ad-Hoc|x64.ActiveCfg = Release|x64
		{C380C9A2-6F18-4D43-8DEA-68FA404608D0}.Ad-Hoc|x64.Build.0 = Release|x64
		{C380C9A2-6F18-4D43-8DEA-68FA404608D0}.Ad-Hoc|x64.Deploy.0 = Release|x64
		{C380C9A2-6F18-4D43-8DEA-68FA404608D0}.Ad-Hoc|x86.ActiveCfg = Release|x86
		{C380C9A2-6F18-4D43-8DEA-68FA404608D0}.Ad-Hoc|x86.Build.0 = Release|x86
		{C380C9A2-6F18-4D43-8DEA-68FA404608D0}.Ad-Hoc|x86.Deploy.0 = Release|x86
		{C380C9A2-6F18-4D43-8DEA-68FA404608D0}.AppStore|Any CPU.ActiveCfg = Release|Any CPU
		{C380C9A2-6F18-4D43-8DEA-68FA404608D0}.AppStore|Any CPU.Build.0 = Release|Any CPU
		{C380C9A2-6F18-4D43-8DEA-68FA404608D0}.AppStore|Any CPU.Deploy.0 = Release|Any CPU
		{C380C9A2-6F18-4D43-8DEA-68FA404608D0}.AppStore|ARM.ActiveCfg = Release|ARM
		{C380C9A2-6F18-4D43-8DEA-68FA404608D0}.AppStore|ARM.Build.0 = Release|ARM
		{C380C9A2-6F18-4D43-8DEA-68FA404608D0}.AppStore|ARM.Deploy.0 = Release|ARM
		{C380C9A2-6F18-4D43-8DEA-68FA404608D0}.AppStore|iPhone.ActiveCfg = Release|Any CPU
		{C380C9A2-6F18-4D43-8DEA-68FA404608D0}.AppStore|iPhone.Build.0 = Release|Any CPU
		{C380C9A2-6F18-4D43-8DEA-68FA404608D0}.AppStore|iPhone.Deploy.0 = Release|Any CPU
		{C380C9A2-6F18-4D43-8DEA-68FA404608D0}.AppStore|iPhoneSimulator.ActiveCfg = Release|Any CPU
		{C380C9A2-6F18-4D43-8DEA-68FA404608D0}.AppStore|iPhoneSimulator.Build.0 = Release|Any CPU
		{C380C9A2-6F18-4D43-8DEA-68FA404608D0}.AppStore|iPhoneSimulator.Deploy.0 = Release|Any CPU
		{C380C9A2-6F18-4D43-8DEA-68FA404608D0}.AppStore|x64.ActiveCfg = Release|x64
		{C380C9A2-6F18-4D43-8DEA-68FA404608D0}.AppStore|x64.Build.0 = Release|x64
		{C380C9A2-6F18-4D43-8DEA-68FA404608D0}.AppStore|x64.Deploy.0 = Release|x64
		{C380C9A2-6F18-4D43-8DEA-68FA404608D0}.AppStore|x86.ActiveCfg = Release|x86
		{C380C9A2-6F18-4D43-8DEA-68FA404608D0}.AppStore|x86.Build.0 = Release|x86
		{C380C9A2-6F18-4D43-8DEA-68FA404608D0}.AppStore|x86.Deploy.0 = Release|x86
		{C380C9A2-6F18-4D43-8DEA-68FA404608D0}.Debug|Any CPU.ActiveCfg = Debug|Any CPU
		{C380C9A2-6F18-4D43-8DEA-68FA404608D0}.Debug|Any CPU.Build.0 = Debug|Any CPU
		{C380C9A2-6F18-4D43-8DEA-68FA404608D0}.Debug|Any CPU.Deploy.0 = Debug|Any CPU
		{C380C9A2-6F18-4D43-8DEA-68FA404608D0}.Debug|ARM.ActiveCfg = Debug|ARM
		{C380C9A2-6F18-4D43-8DEA-68FA404608D0}.Debug|ARM.Build.0 = Debug|ARM
		{C380C9A2-6F18-4D43-8DEA-68FA404608D0}.Debug|ARM.Deploy.0 = Debug|ARM
		{C380C9A2-6F18-4D43-8DEA-68FA404608D0}.Debug|iPhone.ActiveCfg = Debug|Any CPU
		{C380C9A2-6F18-4D43-8DEA-68FA404608D0}.Debug|iPhone.Build.0 = Debug|Any CPU
		{C380C9A2-6F18-4D43-8DEA-68FA404608D0}.Debug|iPhone.Deploy.0 = Debug|Any CPU
		{C380C9A2-6F18-4D43-8DEA-68FA404608D0}.Debug|iPhoneSimulator.ActiveCfg = Debug|Any CPU
		{C380C9A2-6F18-4D43-8DEA-68FA404608D0}.Debug|iPhoneSimulator.Build.0 = Debug|Any CPU
		{C380C9A2-6F18-4D43-8DEA-68FA404608D0}.Debug|iPhoneSimulator.Deploy.0 = Debug|Any CPU
		{C380C9A2-6F18-4D43-8DEA-68FA404608D0}.Debug|x64.ActiveCfg = Debug|x64
		{C380C9A2-6F18-4D43-8DEA-68FA404608D0}.Debug|x64.Build.0 = Debug|x64
		{C380C9A2-6F18-4D43-8DEA-68FA404608D0}.Debug|x64.Deploy.0 = Debug|x64
		{C380C9A2-6F18-4D43-8DEA-68FA404608D0}.Debug|x86.ActiveCfg = Debug|x86
		{C380C9A2-6F18-4D43-8DEA-68FA404608D0}.Debug|x86.Build.0 = Debug|x86
		{C380C9A2-6F18-4D43-8DEA-68FA404608D0}.Debug|x86.Deploy.0 = Debug|x86
		{C380C9A2-6F18-4D43-8DEA-68FA404608D0}.Release|Any CPU.ActiveCfg = Release|Any CPU
		{C380C9A2-6F18-4D43-8DEA-68FA404608D0}.Release|Any CPU.Build.0 = Release|Any CPU
		{C380C9A2-6F18-4D43-8DEA-68FA404608D0}.Release|Any CPU.Deploy.0 = Release|Any CPU
		{C380C9A2-6F18-4D43-8DEA-68FA404608D0}.Release|ARM.ActiveCfg = Release|ARM
		{C380C9A2-6F18-4D43-8DEA-68FA404608D0}.Release|ARM.Build.0 = Release|ARM
		{C380C9A2-6F18-4D43-8DEA-68FA404608D0}.Release|ARM.Deploy.0 = Release|ARM
		{C380C9A2-6F18-4D43-8DEA-68FA404608D0}.Release|iPhone.ActiveCfg = Release|Any CPU
		{C380C9A2-6F18-4D43-8DEA-68FA404608D0}.Release|iPhone.Build.0 = Release|Any CPU
		{C380C9A2-6F18-4D43-8DEA-68FA404608D0}.Release|iPhone.Deploy.0 = Release|Any CPU
		{C380C9A2-6F18-4D43-8DEA-68FA404608D0}.Release|iPhoneSimulator.ActiveCfg = Release|Any CPU
		{C380C9A2-6F18-4D43-8DEA-68FA404608D0}.Release|iPhoneSimulator.Build.0 = Release|Any CPU
		{C380C9A2-6F18-4D43-8DEA-68FA404608D0}.Release|iPhoneSimulator.Deploy.0 = Release|Any CPU
		{C380C9A2-6F18-4D43-8DEA-68FA404608D0}.Release|x64.ActiveCfg = Release|x64
		{C380C9A2-6F18-4D43-8DEA-68FA404608D0}.Release|x64.Build.0 = Release|x64
		{C380C9A2-6F18-4D43-8DEA-68FA404608D0}.Release|x64.Deploy.0 = Release|x64
		{C380C9A2-6F18-4D43-8DEA-68FA404608D0}.Release|x86.ActiveCfg = Release|x86
		{C380C9A2-6F18-4D43-8DEA-68FA404608D0}.Release|x86.Build.0 = Release|x86
		{C380C9A2-6F18-4D43-8DEA-68FA404608D0}.Release|x86.Deploy.0 = Release|x86
		{BE114940-638F-450E-B2E4-62BFD68557CD}.Ad-Hoc|Any CPU.ActiveCfg = Release|Any CPU
		{BE114940-638F-450E-B2E4-62BFD68557CD}.Ad-Hoc|Any CPU.Build.0 = Release|Any CPU
		{BE114940-638F-450E-B2E4-62BFD68557CD}.Ad-Hoc|ARM.ActiveCfg = Release|Any CPU
		{BE114940-638F-450E-B2E4-62BFD68557CD}.Ad-Hoc|ARM.Build.0 = Release|Any CPU
		{BE114940-638F-450E-B2E4-62BFD68557CD}.Ad-Hoc|iPhone.ActiveCfg = Release|Any CPU
		{BE114940-638F-450E-B2E4-62BFD68557CD}.Ad-Hoc|iPhone.Build.0 = Release|Any CPU
		{BE114940-638F-450E-B2E4-62BFD68557CD}.Ad-Hoc|iPhoneSimulator.ActiveCfg = Release|Any CPU
		{BE114940-638F-450E-B2E4-62BFD68557CD}.Ad-Hoc|iPhoneSimulator.Build.0 = Release|Any CPU
		{BE114940-638F-450E-B2E4-62BFD68557CD}.Ad-Hoc|x64.ActiveCfg = Release|Any CPU
		{BE114940-638F-450E-B2E4-62BFD68557CD}.Ad-Hoc|x64.Build.0 = Release|Any CPU
		{BE114940-638F-450E-B2E4-62BFD68557CD}.Ad-Hoc|x86.ActiveCfg = Release|Any CPU
		{BE114940-638F-450E-B2E4-62BFD68557CD}.Ad-Hoc|x86.Build.0 = Release|Any CPU
		{BE114940-638F-450E-B2E4-62BFD68557CD}.AppStore|Any CPU.ActiveCfg = Release|Any CPU
		{BE114940-638F-450E-B2E4-62BFD68557CD}.AppStore|Any CPU.Build.0 = Release|Any CPU
		{BE114940-638F-450E-B2E4-62BFD68557CD}.AppStore|ARM.ActiveCfg = Release|Any CPU
		{BE114940-638F-450E-B2E4-62BFD68557CD}.AppStore|ARM.Build.0 = Release|Any CPU
		{BE114940-638F-450E-B2E4-62BFD68557CD}.AppStore|iPhone.ActiveCfg = Release|Any CPU
		{BE114940-638F-450E-B2E4-62BFD68557CD}.AppStore|iPhone.Build.0 = Release|Any CPU
		{BE114940-638F-450E-B2E4-62BFD68557CD}.AppStore|iPhoneSimulator.ActiveCfg = Release|Any CPU
		{BE114940-638F-450E-B2E4-62BFD68557CD}.AppStore|iPhoneSimulator.Build.0 = Release|Any CPU
		{BE114940-638F-450E-B2E4-62BFD68557CD}.AppStore|x64.ActiveCfg = Release|Any CPU
		{BE114940-638F-450E-B2E4-62BFD68557CD}.AppStore|x64.Build.0 = Release|Any CPU
		{BE114940-638F-450E-B2E4-62BFD68557CD}.AppStore|x86.ActiveCfg = Release|Any CPU
		{BE114940-638F-450E-B2E4-62BFD68557CD}.AppStore|x86.Build.0 = Release|Any CPU
		{BE114940-638F-450E-B2E4-62BFD68557CD}.Debug|Any CPU.ActiveCfg = Debug|Any CPU
		{BE114940-638F-450E-B2E4-62BFD68557CD}.Debug|Any CPU.Build.0 = Debug|Any CPU
		{BE114940-638F-450E-B2E4-62BFD68557CD}.Debug|ARM.ActiveCfg = Debug|Any CPU
		{BE114940-638F-450E-B2E4-62BFD68557CD}.Debug|ARM.Build.0 = Debug|Any CPU
		{BE114940-638F-450E-B2E4-62BFD68557CD}.Debug|iPhone.ActiveCfg = Debug|Any CPU
		{BE114940-638F-450E-B2E4-62BFD68557CD}.Debug|iPhone.Build.0 = Debug|Any CPU
		{BE114940-638F-450E-B2E4-62BFD68557CD}.Debug|iPhoneSimulator.ActiveCfg = Debug|Any CPU
		{BE114940-638F-450E-B2E4-62BFD68557CD}.Debug|iPhoneSimulator.Build.0 = Debug|Any CPU
		{BE114940-638F-450E-B2E4-62BFD68557CD}.Debug|x64.ActiveCfg = Debug|Any CPU
		{BE114940-638F-450E-B2E4-62BFD68557CD}.Debug|x64.Build.0 = Debug|Any CPU
		{BE114940-638F-450E-B2E4-62BFD68557CD}.Debug|x86.ActiveCfg = Debug|Any CPU
		{BE114940-638F-450E-B2E4-62BFD68557CD}.Debug|x86.Build.0 = Debug|Any CPU
		{BE114940-638F-450E-B2E4-62BFD68557CD}.Release|Any CPU.ActiveCfg = Release|Any CPU
		{BE114940-638F-450E-B2E4-62BFD68557CD}.Release|Any CPU.Build.0 = Release|Any CPU
		{BE114940-638F-450E-B2E4-62BFD68557CD}.Release|ARM.ActiveCfg = Release|Any CPU
		{BE114940-638F-450E-B2E4-62BFD68557CD}.Release|ARM.Build.0 = Release|Any CPU
		{BE114940-638F-450E-B2E4-62BFD68557CD}.Release|iPhone.ActiveCfg = Release|Any CPU
		{BE114940-638F-450E-B2E4-62BFD68557CD}.Release|iPhone.Build.0 = Release|Any CPU
		{BE114940-638F-450E-B2E4-62BFD68557CD}.Release|iPhoneSimulator.ActiveCfg = Release|Any CPU
		{BE114940-638F-450E-B2E4-62BFD68557CD}.Release|iPhoneSimulator.Build.0 = Release|Any CPU
		{BE114940-638F-450E-B2E4-62BFD68557CD}.Release|x64.ActiveCfg = Release|Any CPU
		{BE114940-638F-450E-B2E4-62BFD68557CD}.Release|x64.Build.0 = Release|Any CPU
		{BE114940-638F-450E-B2E4-62BFD68557CD}.Release|x86.ActiveCfg = Release|Any CPU
		{BE114940-638F-450E-B2E4-62BFD68557CD}.Release|x86.Build.0 = Release|Any CPU
	EndGlobalSection
	GlobalSection(SolutionProperties) = preSolution
		HideSolutionNode = FALSE
	EndGlobalSection
EndGlobal
